<?xml version="1.0" encoding="UTF-8" standalone="yes" ?>
<CodeBlocks_project_file>
	<FileVersion major="1" minor="6" />
	<Project>
		<Option title="TrabalhodeTP1" />
		<Option pch_mode="2" />
		<Option compiler="gcc" />
		<Build>
			<Target title="Debug">
				<Option output="bin/Debug/TrabalhodeTP1" prefix_auto="1" extension_auto="1" />
				<Option object_output="obj/Debug/" />
				<Option type="1" />
				<Option compiler="gcc" />
				<Compiler>
					<Add option="-g" />
					<Add directory="include" />
				</Compiler>
			</Target>
			<Target title="Release">
				<Option output="bin/Release/TrabalhodeTP1" prefix_auto="1" extension_auto="1" />
				<Option object_output="obj/Release/" />
				<Option type="1" />
				<Option compiler="gcc" />
				<Compiler>
					<Add option="-O2" />
					<Add directory="include" />
				</Compiler>
				<Linker>
					<Add option="-s" />
				</Linker>
			</Target>
		</Build>
		<Compiler>
			<Add option="-Wall" />
			<Add option="-fexceptions" />
		</Compiler>
		<Unit filename="include/Tarefa.h" />
		<Unit filename="include/codigo.h" />
		<Unit filename="include/data.h" />
		<Unit filename="include/disciplina.h" />
		<Unit filename="include/matricula.h" />
		<Unit filename="include/nome.h" />
		<Unit filename="include/senha.h" />
		<Unit filename="include/texto.h" />
		<Unit filename="include/usuario.h" />
		<Unit filename="main.cpp" />
		<Unit filename="src/Tarefa.cpp" />
		<Unit filename="src/codigo.cpp" />
		<Unit filename="src/data.cpp" />
		<Unit filename="src/disciplina.cpp" />
		<Unit filename="src/matricula.cpp" />
		<Unit filename="src/nome.cpp" />
		<Unit filename="src/senha.cpp" />
		<Unit filename="src/texto.cpp" />
		<Unit filename="src/usuario.cpp" />
		<Extensions />
	</Project>
</CodeBlocks_project_file>
